
Microsoft Visual Studio Solution File, Format Version 12.00
# Visual Studio Version 16
VisualStudioVersion = 16.0.30225.117
MinimumVisualStudioVersion = 10.0.40219.1
Project("{FAE04EC0-301F-11D3-BF4B-00C04F79EFBC}") = "ControleFrota.Api", "src\ControleFrota.Api\ControleFrota.Api.csproj", "{605C58EB-A3FF-4D63-BA77-69AC78D83034}"
EndProject
Project("{9A19103F-16F7-4668-BE54-9A1E7A4F7556}") = "Cembjr.ControleFrota.Business", "src\Cembjr.ControleFrota.Business\Cembjr.ControleFrota.Business.csproj", "{C518000A-7F63-4B5D-A392-63823AA9B3D3}"
EndProject
Project("{9A19103F-16F7-4668-BE54-9A1E7A4F7556}") = "Cembjr.ControleFrota.Data", "src\Cembjr.ControleFrota.Data\Cembjr.ControleFrota.Data.csproj", "{B562A98B-86F2-4E6A-841D-720E54FF22B5}"
EndProject
Global
	GlobalSection(SolutionConfigurationPlatforms) = preSolution
		Debug|Any CPU = Debug|Any CPU
		Release|Any CPU = Release|Any CPU
	EndGlobalSection
	GlobalSection(ProjectConfigurationPlatforms) = postSolution
		{605C58EB-A3FF-4D63-BA77-69AC78D83034}.Debug|Any CPU.ActiveCfg = Debug|Any CPU
		{605C58EB-A3FF-4D63-BA77-69AC78D83034}.Debug|Any CPU.Build.0 = Debug|Any CPU
		{605C58EB-A3FF-4D63-BA77-69AC78D83034}.Release|Any CPU.ActiveCfg = Release|Any CPU
		{605C58EB-A3FF-4D63-BA77-69AC78D83034}.Release|Any CPU.Build.0 = Release|Any CPU
		{C518000A-7F63-4B5D-A392-63823AA9B3D3}.Debug|Any CPU.ActiveCfg = Debug|Any CPU
		{C518000A-7F63-4B5D-A392-63823AA9B3D3}.Debug|Any CPU.Build.0 = Debug|Any CPU
		{C518000A-7F63-4B5D-A392-63823AA9B3D3}.Release|Any CPU.ActiveCfg = Release|Any CPU
		{C518000A-7F63-4B5D-A392-63823AA9B3D3}.Release|Any CPU.Build.0 = Release|Any CPU
		{B562A98B-86F2-4E6A-841D-720E54FF22B5}.Debug|Any CPU.ActiveCfg = Debug|Any CPU
		{B562A98B-86F2-4E6A-841D-720E54FF22B5}.Debug|Any CPU.Build.0 = Debug|Any CPU
		{B562A98B-86F2-4E6A-841D-720E54FF22B5}.Release|Any CPU.ActiveCfg = Release|Any CPU
		{B562A98B-86F2-4E6A-841D-720E54FF22B5}.Release|Any CPU.Build.0 = Release|Any CPU
	EndGlobalSection
	GlobalSection(SolutionProperties) = preSolution
		HideSolutionNode = FALSE
	EndGlobalSection
	GlobalSection(ExtensibilityGlobals) = postSolution
		SolutionGuid = {0119F898-823B-4036-BE81-1226EAC251D6}
	EndGlobalSection
EndGlobal
